# THIS IS AN AUTOGENERATED FILE. DO NOT EDIT THIS FILE DIRECTLY.
# yarn lockfile v1


nodemailer@^6.9.1:
  version "6.9.1"
  resolved "https://registry.yarnpkg.com/nodemailer/-/nodemailer-6.9.1.tgz#8249d928a43ed85fec17b13d2870c8f758a126ed"
  integrity sha512-qHw7dOiU5UKNnQpXktdgQ1d3OFgRAekuvbJLcdG5dnEo/GtcTHRYM7+UfJARdOFU9WUQO8OiIamgWPmiSFHYAA==
